
Microsoft Visual Studio Solution File, Format Version 12.00
# Visual Studio Version 17
VisualStudioVersion = 17.14.36811.4 d17.14
MinimumVisualStudioVersion = 10.0.40219.1
Project("{FAE04EC0-301F-11D3-BF4B-00C04F79EFBC}") = "ExcelToSqlInsertGenerator", "ExcelToSqlInsertGenerator\ExcelToSqlInsertGenerator.csproj", "{5C475DED-0908-4092-8972-F8FFD4006759}"
EndProject
Global
	GlobalSection(SolutionConfigurationPlatforms) = preSolution
		Debug|Any CPU = Debug|Any CPU
		Release|Any CPU = Release|Any CPU
	EndGlobalSection
	GlobalSection(ProjectConfigurationPlatforms) = postSolution
		{5C475DED-0908-4092-8972-F8FFD4006759}.Debug|Any CPU.ActiveCfg = Debug|Any CPU
		{5C475DED-0908-4092-8972-F8FFD4006759}.Debug|Any CPU.Build.0 = Debug|Any CPU
		{5C475DED-0908-4092-8972-F8FFD4006759}.Release|Any CPU.ActiveCfg = Release|Any CPU
		{5C475DED-0908-4092-8972-F8FFD4006759}.Release|Any CPU.Build.0 = Release|Any CPU
	EndGlobalSection
	GlobalSection(SolutionProperties) = preSolution
		HideSolutionNode = FALSE
	EndGlobalSection
	GlobalSection(ExtensibilityGlobals) = postSolution
		SolutionGuid = {50BA7473-37D2-4B59-B8FF-FB816F420613}
	EndGlobalSection
EndGlobal
